
Microsoft Visual Studio Solution File, Format Version 12.00
# Visual Studio Version 17
VisualStudioVersion = 17.5.002.0
MinimumVisualStudioVersion = 10.0.40219.1
Project("{9A19103F-16F7-4668-BE54-9A1E7A4F7556}") = "dotnet-console", "dotnet-console.csproj", "{6C83AB96-15F3-4A2A-B99D-84CFFBE02FD4}"
EndProject
Project("{FAE04EC0-301F-11D3-BF4B-00C04F79EFBC}") = "WebAPI", "WebAPI\WebAPI.csproj", "{9CD845C5-8D89-4ED0-82C0-DA5D45BF10C6}"
EndProject
Global
	GlobalSection(SolutionConfigurationPlatforms) = preSolution
		Debug|Any CPU = Debug|Any CPU
		Release|Any CPU = Release|Any CPU
	EndGlobalSection
	GlobalSection(ProjectConfigurationPlatforms) = postSolution
		{6C83AB96-15F3-4A2A-B99D-84CFFBE02FD4}.Debug|Any CPU.ActiveCfg = Debug|Any CPU
		{6C83AB96-15F3-4A2A-B99D-84CFFBE02FD4}.Debug|Any CPU.Build.0 = Debug|Any CPU
		{6C83AB96-15F3-4A2A-B99D-84CFFBE02FD4}.Release|Any CPU.ActiveCfg = Release|Any CPU
		{6C83AB96-15F3-4A2A-B99D-84CFFBE02FD4}.Release|Any CPU.Build.0 = Release|Any CPU
		{9CD845C5-8D89-4ED0-82C0-DA5D45BF10C6}.Debug|Any CPU.ActiveCfg = Debug|Any CPU
		{9CD845C5-8D89-4ED0-82C0-DA5D45BF10C6}.Debug|Any CPU.Build.0 = Debug|Any CPU
		{9CD845C5-8D89-4ED0-82C0-DA5D45BF10C6}.Release|Any CPU.ActiveCfg = Release|Any CPU
		{9CD845C5-8D89-4ED0-82C0-DA5D45BF10C6}.Release|Any CPU.Build.0 = Release|Any CPU
	EndGlobalSection
	GlobalSection(SolutionProperties) = preSolution
		HideSolutionNode = FALSE
	EndGlobalSection
	GlobalSection(ExtensibilityGlobals) = postSolution
		SolutionGuid = {E5EC7FE6-730D-4803-ABAD-1D186706D3DB}
	EndGlobalSection
EndGlobal
